
Microsoft Visual Studio Solution File, Format Version 12.00
# Visual Studio Version 17
VisualStudioVersion = 17.2.32526.322
MinimumVisualStudioVersion = 10.0.40219.1
Project("{9A19103F-16F7-4668-BE54-9A1E7A4F7556}") = "BoardGameIdea", "BoardGameIdea\BoardGameIdea.csproj", "{56864328-D9AC-4B44-9460-F6EC28E48F2A}"
EndProject
Project("{9A19103F-16F7-4668-BE54-9A1E7A4F7556}") = "BoardGameIdea.Tests", "BoardGameIdea.Tests\BoardGameIdea.Tests.csproj", "{7AB9961C-AFDC-48F2-AA11-ECA3F94EEFC1}"
EndProject
Project("{9A19103F-16F7-4668-BE54-9A1E7A4F7556}") = "BoardGameIdea.Entities", "BoardGameIdea.Game\BoardGameIdea.Entities.csproj", "{7468A1B7-C657-4EED-9673-20E06D0EE867}"
EndProject
Project("{2150E333-8FDC-42A3-9474-1A3956D46DE8}") = "Solution Items", "Solution Items", "{501C30DC-221B-405D-A9EC-C06E3770A47B}"
	ProjectSection(SolutionItems) = preProject
		.editorconfig = .editorconfig
	EndProjectSection
EndProject
Global
	GlobalSection(SolutionConfigurationPlatforms) = preSolution
		Debug|Any CPU = Debug|Any CPU
		Release|Any CPU = Release|Any CPU
	EndGlobalSection
	GlobalSection(ProjectConfigurationPlatforms) = postSolution
		{56864328-D9AC-4B44-9460-F6EC28E48F2A}.Debug|Any CPU.ActiveCfg = Debug|Any CPU
		{56864328-D9AC-4B44-9460-F6EC28E48F2A}.Debug|Any CPU.Build.0 = Debug|Any CPU
		{56864328-D9AC-4B44-9460-F6EC28E48F2A}.Release|Any CPU.ActiveCfg = Release|Any CPU
		{56864328-D9AC-4B44-9460-F6EC28E48F2A}.Release|Any CPU.Build.0 = Release|Any CPU
		{7AB9961C-AFDC-48F2-AA11-ECA3F94EEFC1}.Debug|Any CPU.ActiveCfg = Debug|Any CPU
		{7AB9961C-AFDC-48F2-AA11-ECA3F94EEFC1}.Debug|Any CPU.Build.0 = Debug|Any CPU
		{7AB9961C-AFDC-48F2-AA11-ECA3F94EEFC1}.Release|Any CPU.ActiveCfg = Release|Any CPU
		{7AB9961C-AFDC-48F2-AA11-ECA3F94EEFC1}.Release|Any CPU.Build.0 = Release|Any CPU
		{7468A1B7-C657-4EED-9673-20E06D0EE867}.Debug|Any CPU.ActiveCfg = Debug|Any CPU
		{7468A1B7-C657-4EED-9673-20E06D0EE867}.Debug|Any CPU.Build.0 = Debug|Any CPU
		{7468A1B7-C657-4EED-9673-20E06D0EE867}.Release|Any CPU.ActiveCfg = Release|Any CPU
		{7468A1B7-C657-4EED-9673-20E06D0EE867}.Release|Any CPU.Build.0 = Release|Any CPU
	EndGlobalSection
	GlobalSection(SolutionProperties) = preSolution
		HideSolutionNode = FALSE
	EndGlobalSection
	GlobalSection(ExtensibilityGlobals) = postSolution
		SolutionGuid = {95499B0E-0892-44B0-A0BA-C74E3BB9DB1F}
	EndGlobalSection
EndGlobal
